
Microsoft Visual Studio Solution File, Format Version 12.00
# Visual Studio Version 17
VisualStudioVersion = 17.6.33815.320
MinimumVisualStudioVersion = 10.0.40219.1
Project("{FAE04EC0-301F-11D3-BF4B-00C04F79EFBC}") = "asgn04", "asgn04.csproj", "{B4088786-9ABF-412A-9C74-E4623659BC00}"
EndProject
Global
	GlobalSection(SolutionConfigurationPlatforms) = preSolution
		Debug|Any CPU = Debug|Any CPU
		Release|Any CPU = Release|Any CPU
	EndGlobalSection
	GlobalSection(ProjectConfigurationPlatforms) = postSolution
		{B4088786-9ABF-412A-9C74-E4623659BC00}.Debug|Any CPU.ActiveCfg = Debug|Any CPU
		{B4088786-9ABF-412A-9C74-E4623659BC00}.Debug|Any CPU.Build.0 = Debug|Any CPU
		{B4088786-9ABF-412A-9C74-E4623659BC00}.Release|Any CPU.ActiveCfg = Release|Any CPU
		{B4088786-9ABF-412A-9C74-E4623659BC00}.Release|Any CPU.Build.0 = Release|Any CPU
	EndGlobalSection
	GlobalSection(SolutionProperties) = preSolution
		HideSolutionNode = FALSE
	EndGlobalSection
	GlobalSection(ExtensibilityGlobals) = postSolution
		SolutionGuid = {15541AD7-DC66-43B1-B540-3686A5801D42}
	EndGlobalSection
EndGlobal
